
Microsoft Visual Studio Solution File, Format Version 12.00
# Visual Studio Version 16
VisualStudioVersion = 16.0.32228.343
MinimumVisualStudioVersion = 10.0.40219.1
Project("{FAE04EC0-301F-11D3-BF4B-00C04F79EFBC}") = "prjIHealth", "prjIHealth\prjIHealth.csproj", "{5C5367C3-7E22-4024-883E-03A72CFFFCB2}"
EndProject
Global
	GlobalSection(SolutionConfigurationPlatforms) = preSolution
		Debug|Any CPU = Debug|Any CPU
		Release|Any CPU = Release|Any CPU
	EndGlobalSection
	GlobalSection(ProjectConfigurationPlatforms) = postSolution
		{5C5367C3-7E22-4024-883E-03A72CFFFCB2}.Debug|Any CPU.ActiveCfg = Debug|Any CPU
		{5C5367C3-7E22-4024-883E-03A72CFFFCB2}.Debug|Any CPU.Build.0 = Debug|Any CPU
		{5C5367C3-7E22-4024-883E-03A72CFFFCB2}.Release|Any CPU.ActiveCfg = Release|Any CPU
		{5C5367C3-7E22-4024-883E-03A72CFFFCB2}.Release|Any CPU.Build.0 = Release|Any CPU
	EndGlobalSection
	GlobalSection(SolutionProperties) = preSolution
		HideSolutionNode = FALSE
	EndGlobalSection
	GlobalSection(ExtensibilityGlobals) = postSolution
		SolutionGuid = {19A71AD3-C8F6-4809-9491-F685A6458E76}
	EndGlobalSection
EndGlobal
